{
  "nodes": {
    "ex-markdown": {
      "inputs": {
        "fenix": "fenix",
        "flake-utils": "flake-utils",
        "nixpkgs": [
          "nixpkgs"
        ]
      },
      "locked": {
        "lastModified": 1704169234,
        "narHash": "sha256-40uW4yT5Ke/xRMr3AL/doCWx+mvmWH9Ugqr+aA7opdE=",
        "owner": "kivikakk",
        "repo": "ex-markdown",
        "rev": "31934ba9cd4f5806a41141e198a2d6544cf4ff0c",
        "type": "github"
      },
      "original": {
        "owner": "kivikakk",
        "repo": "ex-markdown",
        "type": "github"
      }
    },
    "fenix": {
      "inputs": {
        "nixpkgs": [
          "ex-markdown",
          "nixpkgs"
        ],
        "rust-analyzer-src": [
          "ex-markdown"
        ]
      },
      "locked": {
        "lastModified": 1704090261,
        "narHash": "sha256-Vti1mv4WhmXHPNcFgUiJyt4OKLvsvLzM2eKS4bEegf0=",
        "owner": "nix-community",
        "repo": "fenix",
        "rev": "66fc1883c34c42df188b83272445aedb26bb64b5",
        "type": "github"
      },
      "original": {
        "owner": "nix-community",
        "repo": "fenix",
        "type": "github"
      }
    },
    "flake-utils": {
      "inputs": {
        "systems": "systems"
      },
      "locked": {
        "lastModified": 1701680307,
        "narHash": "sha256-kAuep2h5ajznlPMD9rnQyffWG8EM/C73lejGofXvdM8=",
        "path": "/nix/store/pgid9c9xfcrbqx2giry0an0bi0df7s5c-source",
        "rev": "4022d587cbbfd70fe950c1e2083a02621806a725",
        "type": "path"
      },
      "original": {
        "id": "flake-utils",
        "type": "indirect"
      }
    },
    "flake-utils_2": {
      "inputs": {
        "systems": "systems_2"
      },
      "locked": {
        "lastModified": 1701680307,
        "narHash": "sha256-kAuep2h5ajznlPMD9rnQyffWG8EM/C73lejGofXvdM8=",
        "path": "/nix/store/pgid9c9xfcrbqx2giry0an0bi0df7s5c-source",
        "rev": "4022d587cbbfd70fe950c1e2083a02621806a725",
        "type": "path"
      },
      "original": {
        "id": "flake-utils",
        "type": "indirect"
      }
    },
    "nixpkgs": {
      "locked": {
        "lastModified": 1703992652,
        "narHash": "sha256-C0o8AUyu8xYgJ36kOxJfXIroy9if/G6aJbNOpA5W0+M=",
        "path": "/nix/store/pi7hsz4pfhw0m3a4nv7qwjjfdx70m7hh-source",
        "rev": "32f63574c85fbc80e4ba1fbb932cde9619bad25e",
        "type": "path"
      },
      "original": {
        "id": "nixpkgs",
        "type": "indirect"
      }
    },
    "root": {
      "inputs": {
        "ex-markdown": "ex-markdown",
        "flake-utils": "flake-utils_2",
        "nixpkgs": "nixpkgs"
      }
    },
    "systems": {
      "locked": {
        "lastModified": 1681028828,
        "narHash": "sha256-Vy1rq5AaRuLzOxct8nz4T6wlgyUR7zLU309k9mBC768=",
        "owner": "nix-systems",
        "repo": "default",
        "rev": "da67096a3b9bf56a91d16901293e51ba5b49a27e",
        "type": "github"
      },
      "original": {
        "owner": "nix-systems",
        "repo": "default",
        "type": "github"
      }
    },
    "systems_2": {
      "locked": {
        "lastModified": 1681028828,
        "narHash": "sha256-Vy1rq5AaRuLzOxct8nz4T6wlgyUR7zLU309k9mBC768=",
        "owner": "nix-systems",
        "repo": "default",
        "rev": "da67096a3b9bf56a91d16901293e51ba5b49a27e",
        "type": "github"
      },
      "original": {
        "owner": "nix-systems",
        "repo": "default",
        "type": "github"
      }
    }
  },
  "root": "root",
  "version": 7
}
